// !$*UTF8*$!
{
	archiveVersion = 1;
	classes = {
	};
	objectVersion = 46;
	objects = {

/* Begin PBXFileReference section */
		1A187DCC1DF0C38D000924EA /* database */ = {isa = PBXFileReference; lastKnownFileType = folder; name = database; path = ../database; sourceTree = "<group>"; };
		1A187DCD1DF0C38D000924EA /* include */ = {isa = PBXFileReference; lastKnownFileType = folder; name = include; path = ../include; sourceTree = "<group>"; };
		1A187DCE1DF0C38D000924EA /* src */ = {isa = PBXFileReference; lastKnownFileType = folder; name = src; path = ../src; sourceTree = "<group>"; };
/* End PBXFileReference section */

/* Begin PBXGroup section */
		1A187DC51DF0C364000924EA = {
			isa = PBXGroup;
			children = (
				1A187DCC1DF0C38D000924EA /* database */,
				1A187DCD1DF0C38D000924EA /* include */,
				1A187DCE1DF0C38D000924EA /* src */,
			);
			sourceTree = "<group>";
		};
/* End PBXGroup section */

/* Begin PBXProject section */
		1A187DC61DF0C364000924EA /* Project object */ = {
			isa = PBXProject;
			attributes = {
				LastUpgradeCheck = 0810;
			};
			buildConfigurationList = 1A187DC91DF0C364000924EA /* Build configuration list for PBXProject "foo" */;
			compatibilityVersion = "Xcode 3.2";
			developmentRegion = English;
			hasScannedForEncodings = 0;
			knownRegions = (
				en,
			);
			mainGroup = 1A187DC51DF0C364000924EA;
			projectDirPath = "";
			projectRoot = "";
			targets = (
			);
		};
/* End PBXProject section */

/* Begin XCBuildConfiguration section */
		1A187DCA1DF0C364000924EA /* Debug */ = {
			isa = XCBuildConfiguration;
			buildSettings = {
			};
			name = Debug;
		};
		1A187DCB1DF0C364000924EA /* Release */ = {
			isa = XCBuildConfiguration;
			buildSettings = {
			};
			name = Release;
		};
/* End XCBuildConfiguration section */

/* Begin XCConfigurationList section */
		1A187DC91DF0C364000924EA /* Build configuration list for PBXProject "foo" */ = {
			isa = XCConfigurationList;
			buildConfigurations = (
				1A187DCA1DF0C364000924EA /* Debug */,
				1A187DCB1DF0C364000924EA /* Release */,
			);
			defaultConfigurationIsVisible = 0;
			defaultConfigurationName = Release;
		};
/* End XCConfigurationList section */
	};
	rootObject = 1A187DC61DF0C364000924EA /* Project object */;
}
